
Microsoft Visual Studio Solution File, Format Version 11.00
# Visual Studio 2010
Project("{8BC9CEB8-8B4A-11D0-8D11-00A0C91BC942}") = "del", "del\del.vcxproj", "{05F3BF55-03AF-4845-B9A4-C4078C0C3417}"
EndProject
Global
	GlobalSection(SolutionConfigurationPlatforms) = preSolution
		Debug|Win32 = Debug|Win32
		Release|Win32 = Release|Win32
	EndGlobalSection
	GlobalSection(ProjectConfigurationPlatforms) = postSolution
		{05F3BF55-03AF-4845-B9A4-C4078C0C3417}.Debug|Win32.ActiveCfg = Debug|Win32
		{05F3BF55-03AF-4845-B9A4-C4078C0C3417}.Debug|Win32.Build.0 = Debug|Win32
		{05F3BF55-03AF-4845-B9A4-C4078C0C3417}.Release|Win32.ActiveCfg = Release|Win32
		{05F3BF55-03AF-4845-B9A4-C4078C0C3417}.Release|Win32.Build.0 = Release|Win32
	EndGlobalSection
	GlobalSection(SolutionProperties) = preSolution
		HideSolutionNode = FALSE
	EndGlobalSection
EndGlobal
